
Microsoft Visual Studio Solution File, Format Version 12.00
# Visual Studio 15
VisualStudioVersion = 15.0.27703.2035
MinimumVisualStudioVersion = 10.0.40219.1
Project("{8BC9CEB8-8B4A-11D0-8D11-00A0C91BC942}") = "T03", "T03\T03.vcxproj", "{A5D5DD89-8395-4D94-BC6D-A9D029516D46}"
EndProject
Project("{8BC9CEB8-8B4A-11D0-8D11-00A0C91BC942}") = "PixelWorldEngine", "C:\Users\Administrator\source\repos\PixelWorldEngine2\PixelWorldEngine\PixelWorldEngine.vcxproj", "{12CCC5C9-D3FF-4315-A2C1-BB8C7AA0AEEE}"
EndProject
Global
	GlobalSection(SolutionConfigurationPlatforms) = preSolution
		Debug|x64 = Debug|x64
		Debug|x86 = Debug|x86
		Release|x64 = Release|x64
		Release|x86 = Release|x86
	EndGlobalSection
	GlobalSection(ProjectConfigurationPlatforms) = postSolution
		{A5D5DD89-8395-4D94-BC6D-A9D029516D46}.Debug|x64.ActiveCfg = Debug|x64
		{A5D5DD89-8395-4D94-BC6D-A9D029516D46}.Debug|x64.Build.0 = Debug|x64
		{A5D5DD89-8395-4D94-BC6D-A9D029516D46}.Debug|x86.ActiveCfg = Debug|Win32
		{A5D5DD89-8395-4D94-BC6D-A9D029516D46}.Debug|x86.Build.0 = Debug|Win32
		{A5D5DD89-8395-4D94-BC6D-A9D029516D46}.Release|x64.ActiveCfg = Release|x64
		{A5D5DD89-8395-4D94-BC6D-A9D029516D46}.Release|x64.Build.0 = Release|x64
		{A5D5DD89-8395-4D94-BC6D-A9D029516D46}.Release|x86.ActiveCfg = Release|Win32
		{A5D5DD89-8395-4D94-BC6D-A9D029516D46}.Release|x86.Build.0 = Release|Win32
		{12CCC5C9-D3FF-4315-A2C1-BB8C7AA0AEEE}.Debug|x64.ActiveCfg = Debug|x64
		{12CCC5C9-D3FF-4315-A2C1-BB8C7AA0AEEE}.Debug|x64.Build.0 = Debug|x64
		{12CCC5C9-D3FF-4315-A2C1-BB8C7AA0AEEE}.Debug|x86.ActiveCfg = Debug|Win32
		{12CCC5C9-D3FF-4315-A2C1-BB8C7AA0AEEE}.Debug|x86.Build.0 = Debug|Win32
		{12CCC5C9-D3FF-4315-A2C1-BB8C7AA0AEEE}.Release|x64.ActiveCfg = Release|x64
		{12CCC5C9-D3FF-4315-A2C1-BB8C7AA0AEEE}.Release|x64.Build.0 = Release|x64
		{12CCC5C9-D3FF-4315-A2C1-BB8C7AA0AEEE}.Release|x86.ActiveCfg = Release|Win32
		{12CCC5C9-D3FF-4315-A2C1-BB8C7AA0AEEE}.Release|x86.Build.0 = Release|Win32
	EndGlobalSection
	GlobalSection(SolutionProperties) = preSolution
		HideSolutionNode = FALSE
	EndGlobalSection
	GlobalSection(ExtensibilityGlobals) = postSolution
		SolutionGuid = {175304CD-B668-459B-97FA-83AE9AF38738}
	EndGlobalSection
EndGlobal
